<Solution>
  <Configurations>
    <Platform Name="x64" />
    <Platform Name="x86" />
  </Configurations>
  <Project Path="April14-startingSTRINGfunctions/April14-startingSTRINGfunctions.vcxproj" Id="18a84e05-9c48-417b-8b60-c7f2a9d8e987" />
  <Project Path="April2-demoingInsertForCox/April2-demoingInsertForCox.vcxproj" Id="cc43b8b9-3215-490a-ac12-4e7cf0f5c8da" />
  <Project Path="April2-in class lab 8/April2-in class lab 8.vcxproj" Id="d37ac6aa-844f-4727-8978-f06436e7f65e" />
  <Project Path="April2-STRUCTURES/April2-STRUCTURES.vcxproj" Id="81ae1349-6b3a-41c9-a690-311086eb8e0d" />
  <Project Path="April9-doinSomeDataAnalysis/April9-doinSomeDataAnalysis.vcxproj" Id="7443a494-44c5-4cfa-867c-c8f25c5543a2" />
  <Project Path="Demoing NEGATION operator/Demoing NEGATION operator.vcxproj" Id="ddd02dda-d238-4263-82b5-91a27af8255f" />
  <Project Path="DemoingFilesystem_ForGuerrero/DemoingFilesystem_ForGuerrero.vcxproj" Id="2d85e05f-f9d0-43d4-b1a3-c6d330f4e778" />
  <Project Path="Feb17-part2-high-low-game/Feb17-part2-high-low-game.vcxproj" Id="379221c5-0d38-4bf7-a11f-df4489fb9a34" />
  <Project Path="Feb17/Feb17.vcxproj" Id="d2520b17-2038-4c16-87b5-e229a560b59f" />
  <Project Path="Feb19-demoing some SELECTION stuff/Feb19-demoing some SELECTION stuff.vcxproj" Id="30c05084-1d02-46f8-ae16-19d4f72b6fe5" />
  <Project Path="Feb24-simple GitHub collaboration/Feb24-simple GitHub collaboration.vcxproj" Id="ebe66c69-38b6-4dfd-8c07-e80fe1641289" />
  <Project Path="Feb26-first day on ARRAYS/Feb26-first day on ARRAYS.vcxproj" Id="3dfea59e-f5b1-4fe5-9267-5208e7545d57" />
  <Project Path="Filling up a dynamic array by reading from a file/Filling up a dynamic array by reading from a file.vcxproj" Id="06b65c8e-45d7-496e-9294-93c11891eb9f" />
  <Project Path="In class lab 3 - grade calculation/In class lab 3 - grade calculation.vcxproj" Id="83400d63-87db-4eb9-8afc-085290f53aff" />
  <Project Path="Jan22/Jan22.vcxproj" Id="69b90438-f90f-4809-b682-627dc48a45b8" />
  <Project Path="Mar17-array quiz questions/Mar17-array quiz questions.vcxproj" Id="4bc75b72-5bca-4646-bffc-72918c88e71d" />
  <Project Path="March17-printing a 2D array - hooray!/March17-printing a 2D array - hooray!.vcxproj" Id="0cdae109-2794-4c2a-8353-c8dfde28504c" />
  <Project Path="March24-in class lab - SCRABBLE/March24-in class lab - SCRABBLE.vcxproj" Id="52a56efa-53a7-4cf3-801f-7df198c2a965" />
  <Project Path="March24-intro to std_map/March24-intro to std_map.vcxproj" Id="7c5545ac-ae87-4085-aac1-6d9257800c8d" />
  <Project Path="March3-simple loop example - DECREMENTATION/March3-simple loop example - DECREMENTATION.vcxproj" Id="91ddb60b-9500-472f-8d01-f046c177709e" />
  <Project Path="March3-storing a list of student names in an array/March3-storing a list of student names in an array.vcxproj" Id="54620764-2612-485c-9a6b-481672902e3f" />
  <Project Path="March31-demoingCHRONO-maybeToDoListAlso/March31-demoingCHRONO-maybeToDoListAlso.vcxproj" Id="df61a044-88d2-4f2e-9eae-aac4cb86a7ae" />
  <Project Path="March31-toDoList_withMap/March31-toDoList_withMap.vcxproj" Id="471f8632-d285-48d3-aa67-020315623d6a" />
  <Project Path="March31-WHIRLWIND review/March31-WHIRLWIND review.vcxproj" Id="0ad3648f-748e-4fc7-9926-e9d5220e3b89" />
  <Project Path="March5 - demoing NESTED for loops - MULTIPLICATION table/March5 - demoing NESTED for loops - MULTIPLICATION table.vcxproj" Id="4b3152e9-9a14-4c3f-8ca1-adbc8833192d" />
  <Project Path="March5-2D array example - tic tac toe/March5-2D array example - tic tac toe.vcxproj" Id="f0225888-a16e-480c-8bdc-d19098c48cf7" />
  <Project Path="ReminderApp/ReminderApp.vcxproj" Id="45bca97b-e923-4bf5-a3e6-e4cac84e5ffb" />
  <Project Path="Simple demo of reading INPUT files and writing OUTPUT files/Simple demo of reading INPUT files and writing OUTPUT files.vcxproj" Id="9544d605-5bd6-413e-9443-598be1db96e2" />
  <Project Path="Simple demo of reading INPUT from a text file/Simple demo of reading INPUT from a text file.vcxproj" Id="bb4d3baf-6f53-4803-aed8-d267b8624054" />
  <Project Path="SimpleFunctionDemo/SimpleFunctionDemo.vcxproj" Id="a1837ec7-68b6-4921-b69e-dc2b8e76b543" />
  <Project Path="Student submission of reading file lab/Student submission of reading file lab.vcxproj" Id="6e0ab889-2831-4493-8eeb-b06a54118652" />
</Solution>
